
Microsoft Visual Studio Solution File, Format Version 12.00
# Visual Studio 15
VisualStudioVersion = 15.0.28307.421
MinimumVisualStudioVersion = 10.0.40219.1
Project("{FAE04EC0-301F-11D3-BF4B-00C04F79EFBC}") = "sharp-order", "sharp-order\sharp-order.csproj", "{C6A6AAB4-A2F3-4C4B-8A7A-10E107A458C9}"
EndProject
Global
	GlobalSection(SolutionConfigurationPlatforms) = preSolution
		Debug|Any CPU = Debug|Any CPU
		Release|Any CPU = Release|Any CPU
	EndGlobalSection
	GlobalSection(ProjectConfigurationPlatforms) = postSolution
		{C6A6AAB4-A2F3-4C4B-8A7A-10E107A458C9}.Debug|Any CPU.ActiveCfg = Debug|Any CPU
		{C6A6AAB4-A2F3-4C4B-8A7A-10E107A458C9}.Debug|Any CPU.Build.0 = Debug|Any CPU
		{C6A6AAB4-A2F3-4C4B-8A7A-10E107A458C9}.Release|Any CPU.ActiveCfg = Release|Any CPU
		{C6A6AAB4-A2F3-4C4B-8A7A-10E107A458C9}.Release|Any CPU.Build.0 = Release|Any CPU
	EndGlobalSection
	GlobalSection(SolutionProperties) = preSolution
		HideSolutionNode = FALSE
	EndGlobalSection
	GlobalSection(ExtensibilityGlobals) = postSolution
		SolutionGuid = {511F4EF8-A193-40D4-96B5-F8592475D806}
	EndGlobalSection
EndGlobal
